{
  "originHash" : "9a3317ceef40b36091aca71d602ed5cd92ea6f1c69b8ba56ae4ecd2db7df6cc0",
  "pins" : [
    {
      "identity" : "bolts-objc",
      "kind" : "remoteSourceControl",
      "location" : "https://github.com/parse-community/Bolts-ObjC.git",
      "state" : {
        "revision" : "1eee96ad3bcfc8964c0a5815ce94f491eb6ac8c2",
        "version" : "1.10.0"
      }
    },
    {
      "identity" : "bolts-swift",
      "kind" : "remoteSourceControl",
      "location" : "https://github.com/BoltsFramework/Bolts-Swift.git",
      "state" : {
        "revision" : "d8c07eee2045a13f34330c0a4664053b5176e3f0",
        "version" : "1.5.0"
      }
    },
    {
      "identity" : "parse-sdk-ios-osx",
      "kind" : "remoteSourceControl",
      "location" : "https://github.com/parse-community/Parse-SDK-iOS-OSX",
      "state" : {
        "revision" : "c301262e17951e893a76a2448e7ce5f74f49bf85",
        "version" : "4.1.0"
      }
    },
    {
      "identity" : "starscream",
      "kind" : "remoteSourceControl",
      "location" : "https://github.com/daltoniam/Starscream.git",
      "state" : {
        "revision" : "c6bfd1af48efcc9a9ad203665db12375ba6b145a",
        "version" : "4.0.8"
      }
    }
  ],
  "version" : 3
}
